
Microsoft Visual Studio Solution File, Format Version 12.00
# Visual Studio Version 16
VisualStudioVersion = 16.0.29709.97
MinimumVisualStudioVersion = 10.0.40219.1
Project("{FAE04EC0-301F-11D3-BF4B-00C04F79EFBC}") = "Классы и наследования в Шарпе", "Классы и наследования в Шарпе\Классы и наследования в Шарпе.csproj", "{5E88E1FE-0222-472F-B59A-D3542D94677B}"
EndProject
Global
	GlobalSection(SolutionConfigurationPlatforms) = preSolution
		Debug|Any CPU = Debug|Any CPU
		Release|Any CPU = Release|Any CPU
	EndGlobalSection
	GlobalSection(ProjectConfigurationPlatforms) = postSolution
		{5E88E1FE-0222-472F-B59A-D3542D94677B}.Debug|Any CPU.ActiveCfg = Debug|Any CPU
		{5E88E1FE-0222-472F-B59A-D3542D94677B}.Debug|Any CPU.Build.0 = Debug|Any CPU
		{5E88E1FE-0222-472F-B59A-D3542D94677B}.Release|Any CPU.ActiveCfg = Release|Any CPU
		{5E88E1FE-0222-472F-B59A-D3542D94677B}.Release|Any CPU.Build.0 = Release|Any CPU
	EndGlobalSection
	GlobalSection(SolutionProperties) = preSolution
		HideSolutionNode = FALSE
	EndGlobalSection
	GlobalSection(ExtensibilityGlobals) = postSolution
		SolutionGuid = {E3751BB8-BC3A-4D98-871A-EDD9FA91FC02}
	EndGlobalSection
EndGlobal
